
Microsoft Visual Studio Solution File, Format Version 12.00
# Visual Studio Version 17
VisualStudioVersion = 17.5.33627.172
MinimumVisualStudioVersion = 10.0.40219.1
Project("{9A19103F-16F7-4668-BE54-9A1E7A4F7556}") = "BookCatalogApi", "BookCatalogApi\BookCatalogApi.csproj", "{D409610C-A7D1-453B-9846-2098404EDF6C}"
EndProject
Global
	GlobalSection(SolutionConfigurationPlatforms) = preSolution
		Debug|Any CPU = Debug|Any CPU
		Release|Any CPU = Release|Any CPU
	EndGlobalSection
	GlobalSection(ProjectConfigurationPlatforms) = postSolution
		{D409610C-A7D1-453B-9846-2098404EDF6C}.Debug|Any CPU.ActiveCfg = Debug|Any CPU
		{D409610C-A7D1-453B-9846-2098404EDF6C}.Debug|Any CPU.Build.0 = Debug|Any CPU
		{D409610C-A7D1-453B-9846-2098404EDF6C}.Release|Any CPU.ActiveCfg = Release|Any CPU
		{D409610C-A7D1-453B-9846-2098404EDF6C}.Release|Any CPU.Build.0 = Release|Any CPU
	EndGlobalSection
	GlobalSection(SolutionProperties) = preSolution
		HideSolutionNode = FALSE
	EndGlobalSection
	GlobalSection(ExtensibilityGlobals) = postSolution
		SolutionGuid = {E25CBA34-665C-4D0A-AFD2-5231504C99F1}
	EndGlobalSection
EndGlobal
